// !$*UTF8*$!
{
	archiveVersion = 1;
	classes = {
	};
	objectVersion = 56;
	objects = {

/* Begin PBXBuildFile section */
		83900BCDCB9A38CB83698A5E /* Pods_foursquareClone.framework in Frameworks */ = {isa = PBXBuildFile; fileRef = 51EE6E0F8CDDD46DB2BCA2FA /* Pods_foursquareClone.framework */; };
		B3A9789429290C29001479D0 /* AppDelegate.swift in Sources */ = {isa = PBXBuildFile; fileRef = B3A9789329290C29001479D0 /* AppDelegate.swift */; };
		B3A9789629290C29001479D0 /* SceneDelegate.swift in Sources */ = {isa = PBXBuildFile; fileRef = B3A9789529290C29001479D0 /* SceneDelegate.swift */; };
		B3A9789829290C29001479D0 /* SignUpVC.swift in Sources */ = {isa = PBXBuildFile; fileRef = B3A9789729290C29001479D0 /* SignUpVC.swift */; };
		B3A9789B29290C29001479D0 /* Main.storyboard in Resources */ = {isa = PBXBuildFile; fileRef = B3A9789929290C29001479D0 /* Main.storyboard */; };
		B3A9789D29290C2A001479D0 /* Assets.xcassets in Resources */ = {isa = PBXBuildFile; fileRef = B3A9789C29290C2A001479D0 /* Assets.xcassets */; };
		B3A978A029290C2A001479D0 /* LaunchScreen.storyboard in Resources */ = {isa = PBXBuildFile; fileRef = B3A9789E29290C2A001479D0 /* LaunchScreen.storyboard */; };
		B3A978A8292922E2001479D0 /* PlacesVC.swift in Sources */ = {isa = PBXBuildFile; fileRef = B3A978A7292922E2001479D0 /* PlacesVC.swift */; };
		B3A978AA292929FF001479D0 /* select.png in Resources */ = {isa = PBXBuildFile; fileRef = B3A978A9292929FF001479D0 /* select.png */; };
		B3A978AC29292A90001479D0 /* AddPlaceVC.swift in Sources */ = {isa = PBXBuildFile; fileRef = B3A978AB29292A90001479D0 /* AddPlaceVC.swift */; };
		B3A978AE29292BB7001479D0 /* MapVC.swift in Sources */ = {isa = PBXBuildFile; fileRef = B3A978AD29292BB7001479D0 /* MapVC.swift */; };
		B3A978B0292931D0001479D0 /* DetailsVC.swift in Sources */ = {isa = PBXBuildFile; fileRef = B3A978AF292931D0001479D0 /* DetailsVC.swift */; };
		B3A978B22929399D001479D0 /* PlaceModel.swift in Sources */ = {isa = PBXBuildFile; fileRef = B3A978B12929399D001479D0 /* PlaceModel.swift */; };
/* End PBXBuildFile section */

/* Begin PBXFileReference section */
		2710ECF66766811C8DD9E9BB /* Pods-foursquareClone.release.xcconfig */ = {isa = PBXFileReference; includeInIndex = 1; lastKnownFileType = text.xcconfig; name = "Pods-foursquareClone.release.xcconfig"; path = "Target Support Files/Pods-foursquareClone/Pods-foursquareClone.release.xcconfig"; sourceTree = "<group>"; };
		51EE6E0F8CDDD46DB2BCA2FA /* Pods_foursquareClone.framework */ = {isa = PBXFileReference; explicitFileType = wrapper.framework; includeInIndex = 0; path = Pods_foursquareClone.framework; sourceTree = BUILT_PRODUCTS_DIR; };
		B3A9789029290C29001479D0 /* foursquareClone.app */ = {isa = PBXFileReference; explicitFileType = wrapper.application; includeInIndex = 0; path = foursquareClone.app; sourceTree = BUILT_PRODUCTS_DIR; };
		B3A9789329290C29001479D0 /* AppDelegate.swift */ = {isa = PBXFileReference; lastKnownFileType = sourcecode.swift; path = AppDelegate.swift; sourceTree = "<group>"; };
		B3A9789529290C29001479D0 /* SceneDelegate.swift */ = {isa = PBXFileReference; lastKnownFileType = sourcecode.swift; path = SceneDelegate.swift; sourceTree = "<group>"; };
		B3A9789729290C29001479D0 /* SignUpVC.swift */ = {isa = PBXFileReference; lastKnownFileType = sourcecode.swift; path = SignUpVC.swift; sourceTree = "<group>"; };
		B3A9789A29290C29001479D0 /* Base */ = {isa = PBXFileReference; lastKnownFileType = file.storyboard; name = Base; path = Base.lproj/Main.storyboard; sourceTree = "<group>"; };
		B3A9789C29290C2A001479D0 /* Assets.xcassets */ = {isa = PBXFileReference; lastKnownFileType = folder.assetcatalog; path = Assets.xcassets; sourceTree = "<group>"; };
		B3A9789F29290C2A001479D0 /* Base */ = {isa = PBXFileReference; lastKnownFileType = file.storyboard; name = Base; path = Base.lproj/LaunchScreen.storyboard; sourceTree = "<group>"; };
		B3A978A129290C2A001479D0 /* Info.plist */ = {isa = PBXFileReference; lastKnownFileType = text.plist.xml; path = Info.plist; sourceTree = "<group>"; };
		B3A978A7292922E2001479D0 /* PlacesVC.swift */ = {isa = PBXFileReference; lastKnownFileType = sourcecode.swift; path = PlacesVC.swift; sourceTree = "<group>"; };
		B3A978A9292929FF001479D0 /* select.png */ = {isa = PBXFileReference; lastKnownFileType = image.png; name = select.png; path = ../../ArtBook/ArtBookProject/select.png; sourceTree = "<group>"; };
		B3A978AB29292A90001479D0 /* AddPlaceVC.swift */ = {isa = PBXFileReference; lastKnownFileType = sourcecode.swift; path = AddPlaceVC.swift; sourceTree = "<group>"; };
		B3A978AD29292BB7001479D0 /* MapVC.swift */ = {isa = PBXFileReference; lastKnownFileType = sourcecode.swift; path = MapVC.swift; sourceTree = "<group>"; };
		B3A978AF292931D0001479D0 /* DetailsVC.swift */ = {isa = PBXFileReference; lastKnownFileType = sourcecode.swift; path = DetailsVC.swift; sourceTree = "<group>"; };
		B3A978B12929399D001479D0 /* PlaceModel.swift */ = {isa = PBXFileReference; lastKnownFileType = sourcecode.swift; path = PlaceModel.swift; sourceTree = "<group>"; };
		CD5CD2D5AD320792717ABBCA /* Pods-foursquareClone.debug.xcconfig */ = {isa = PBXFileReference; includeInIndex = 1; lastKnownFileType = text.xcconfig; name = "Pods-foursquareClone.debug.xcconfig"; path = "Target Support Files/Pods-foursquareClone/Pods-foursquareClone.debug.xcconfig"; sourceTree = "<group>"; };
/* End PBXFileReference section */

/* Begin PBXFrameworksBuildPhase section */
		B3A9788D29290C29001479D0 /* Frameworks */ = {
			isa = PBXFrameworksBuildPhase;
			buildActionMask = 2147483647;
			files = (
				83900BCDCB9A38CB83698A5E /* Pods_foursquareClone.framework in Frameworks */,
			);
			runOnlyForDeploymentPostprocessing = 0;
		};
/* End PBXFrameworksBuildPhase section */

/* Begin PBXGroup section */
		86390B02C8656EB5C570868D /* Frameworks */ = {
			isa = PBXGroup;
			children = (
				51EE6E0F8CDDD46DB2BCA2FA /* Pods_foursquareClone.framework */,
			);
			name = Frameworks;
			sourceTree = "<group>";
		};
		B3A9788729290C29001479D0 = {
			isa = PBXGroup;
			children = (
				B3A9789229290C29001479D0 /* foursquareClone */,
				B3A9789129290C29001479D0 /* Products */,
				DF073D415EC0B27260AF3F2E /* Pods */,
				86390B02C8656EB5C570868D /* Frameworks */,
			);
			sourceTree = "<group>";
		};
		B3A9789129290C29001479D0 /* Products */ = {
			isa = PBXGroup;
			children = (
				B3A9789029290C29001479D0 /* foursquareClone.app */,
			);
			name = Products;
			sourceTree = "<group>";
		};
		B3A9789229290C29001479D0 /* foursquareClone */ = {
			isa = PBXGroup;
			children = (
				B3A9789329290C29001479D0 /* AppDelegate.swift */,
				B3A9789529290C29001479D0 /* SceneDelegate.swift */,
				B3A9789729290C29001479D0 /* SignUpVC.swift */,
				B3A978A7292922E2001479D0 /* PlacesVC.swift */,
				B3A978AB29292A90001479D0 /* AddPlaceVC.swift */,
				B3A978AD29292BB7001479D0 /* MapVC.swift */,
				B3A978AF292931D0001479D0 /* DetailsVC.swift */,
				B3A978B12929399D001479D0 /* PlaceModel.swift */,
				B3A9789929290C29001479D0 /* Main.storyboard */,
				B3A9789C29290C2A001479D0 /* Assets.xcassets */,
				B3A978A9292929FF001479D0 /* select.png */,
				B3A9789E29290C2A001479D0 /* LaunchScreen.storyboard */,
				B3A978A129290C2A001479D0 /* Info.plist */,
			);
			path = foursquareClone;
			sourceTree = "<group>";
		};
		DF073D415EC0B27260AF3F2E /* Pods */ = {
			isa = PBXGroup;
			children = (
				CD5CD2D5AD320792717ABBCA /* Pods-foursquareClone.debug.xcconfig */,
				2710ECF66766811C8DD9E9BB /* Pods-foursquareClone.release.xcconfig */,
			);
			path = Pods;
			sourceTree = "<group>";
		};
/* End PBXGroup section */

/* Begin PBXNativeTarget section */
		B3A9788F29290C29001479D0 /* foursquareClone */ = {
			isa = PBXNativeTarget;
			buildConfigurationList = B3A978A429290C2A001479D0 /* Build configuration list for PBXNativeTarget "foursquareClone" */;
			buildPhases = (
				29834833802B2FDB4CB6DDC4 /* [CP] Check Pods Manifest.lock */,
				B3A9788C29290C29001479D0 /* Sources */,
				B3A9788D29290C29001479D0 /* Frameworks */,
				B3A9788E29290C29001479D0 /* Resources */,
				6F22017BD1451CDE18FEB354 /* [CP] Embed Pods Frameworks */,
			);
			buildRules = (
			);
			dependencies = (
			);
			name = foursquareClone;
			productName = foursquareClone;
			productReference = B3A9789029290C29001479D0 /* foursquareClone.app */;
			productType = "com.apple.product-type.application";
		};
/* End PBXNativeTarget section */

/* Begin PBXProject section */
		B3A9788829290C29001479D0 /* Project object */ = {
			isa = PBXProject;
			attributes = {
				BuildIndependentTargetsInParallel = 1;
				LastSwiftUpdateCheck = 1410;
				LastUpgradeCheck = 1410;
				TargetAttributes = {
					B3A9788F29290C29001479D0 = {
						CreatedOnToolsVersion = 14.1;
					};
				};
			};
			buildConfigurationList = B3A9788B29290C29001479D0 /* Build configuration list for PBXProject "foursquareClone" */;
			compatibilityVersion = "Xcode 14.0";
			developmentRegion = en;
			hasScannedForEncodings = 0;
			knownRegions = (
				en,
				Base,
			);
			mainGroup = B3A9788729290C29001479D0;
			productRefGroup = B3A9789129290C29001479D0 /* Products */;
			projectDirPath = "";
			projectRoot = "";
			targets = (
				B3A9788F29290C29001479D0 /* foursquareClone */,
			);
		};
/* End PBXProject section */

/* Begin PBXResourcesBuildPhase section */
		B3A9788E29290C29001479D0 /* Resources */ = {
			isa = PBXResourcesBuildPhase;
			buildActionMask = 2147483647;
			files = (
				B3A978A029290C2A001479D0 /* LaunchScreen.storyboard in Resources */,
				B3A978AA292929FF001479D0 /* select.png in Resources */,
				B3A9789D29290C2A001479D0 /* Assets.xcassets in Resources */,
				B3A9789B29290C29001479D0 /* Main.storyboard in Resources */,
			);
			runOnlyForDeploymentPostprocessing = 0;
		};
/* End PBXResourcesBuildPhase section */

/* Begin PBXShellScriptBuildPhase section */
		29834833802B2FDB4CB6DDC4 /* [CP] Check Pods Manifest.lock */ = {
			isa = PBXShellScriptBuildPhase;
			buildActionMask = 2147483647;
			files = (
			);
			inputFileListPaths = (
			);
			inputPaths = (
				"${PODS_PODFILE_DIR_PATH}/Podfile.lock",
				"${PODS_ROOT}/Manifest.lock",
			);
			name = "[CP] Check Pods Manifest.lock";
			outputFileListPaths = (
			);
			outputPaths = (
				"$(DERIVED_FILE_DIR)/Pods-foursquareClone-checkManifestLockResult.txt",
			);
			runOnlyForDeploymentPostprocessing = 0;
			shellPath = /bin/sh;
			shellScript = "diff \"${PODS_PODFILE_DIR_PATH}/Podfile.lock\" \"${PODS_ROOT}/Manifest.lock\" > /dev/null\nif [ $? != 0 ] ; then\n    # print error to STDERR\n    echo \"error: The sandbox is not in sync with the Podfile.lock. Run 'pod install' or update your CocoaPods installation.\" >&2\n    exit 1\nfi\n# This output is used by Xcode 'outputs' to avoid re-running this script phase.\necho \"SUCCESS\" > \"${SCRIPT_OUTPUT_FILE_0}\"\n";
			showEnvVarsInLog = 0;
		};
		6F22017BD1451CDE18FEB354 /* [CP] Embed Pods Frameworks */ = {
			isa = PBXShellScriptBuildPhase;
			buildActionMask = 2147483647;
			files = (
			);
			inputFileListPaths = (
				"${PODS_ROOT}/Target Support Files/Pods-foursquareClone/Pods-foursquareClone-frameworks-${CONFIGURATION}-input-files.xcfilelist",
			);
			name = "[CP] Embed Pods Frameworks";
			outputFileListPaths = (
				"${PODS_ROOT}/Target Support Files/Pods-foursquareClone/Pods-foursquareClone-frameworks-${CONFIGURATION}-output-files.xcfilelist",
			);
			runOnlyForDeploymentPostprocessing = 0;
			shellPath = /bin/sh;
			shellScript = "\"${PODS_ROOT}/Target Support Files/Pods-foursquareClone/Pods-foursquareClone-frameworks.sh\"\n";
			showEnvVarsInLog = 0;
		};
/* End PBXShellScriptBuildPhase section */

/* Begin PBXSourcesBuildPhase section */
		B3A9788C29290C29001479D0 /* Sources */ = {
			isa = PBXSourcesBuildPhase;
			buildActionMask = 2147483647;
			files = (
				B3A9789829290C29001479D0 /* SignUpVC.swift in Sources */,
				B3A978B22929399D001479D0 /* PlaceModel.swift in Sources */,
				B3A978AE29292BB7001479D0 /* MapVC.swift in Sources */,
				B3A9789429290C29001479D0 /* AppDelegate.swift in Sources */,
				B3A978A8292922E2001479D0 /* PlacesVC.swift in Sources */,
				B3A978B0292931D0001479D0 /* DetailsVC.swift in Sources */,
				B3A978AC29292A90001479D0 /* AddPlaceVC.swift in Sources */,
				B3A9789629290C29001479D0 /* SceneDelegate.swift in Sources */,
			);
			runOnlyForDeploymentPostprocessing = 0;
		};
/* End PBXSourcesBuildPhase section */

/* Begin PBXVariantGroup section */
		B3A9789929290C29001479D0 /* Main.storyboard */ = {
			isa = PBXVariantGroup;
			children = (
				B3A9789A29290C29001479D0 /* Base */,
			);
			name = Main.storyboard;
			sourceTree = "<group>";
		};
		B3A9789E29290C2A001479D0 /* LaunchScreen.storyboard */ = {
			isa = PBXVariantGroup;
			children = (
				B3A9789F29290C2A001479D0 /* Base */,
			);
			name = LaunchScreen.storyboard;
			sourceTree = "<group>";
		};
/* End PBXVariantGroup section */

/* Begin XCBuildConfiguration section */
		B3A978A229290C2A001479D0 /* Debug */ = {
			isa = XCBuildConfiguration;
			buildSettings = {
				ALWAYS_SEARCH_USER_PATHS = NO;
				CLANG_ANALYZER_NONNULL = YES;
				CLANG_ANALYZER_NUMBER_OBJECT_CONVERSION = YES_AGGRESSIVE;
				CLANG_CXX_LANGUAGE_STANDARD = "gnu++20";
				CLANG_ENABLE_MODULES = YES;
				CLANG_ENABLE_OBJC_ARC = YES;
				CLANG_ENABLE_OBJC_WEAK = YES;
				CLANG_WARN_BLOCK_CAPTURE_AUTORELEASING = YES;
				CLANG_WARN_BOOL_CONVERSION = YES;
				CLANG_WARN_COMMA = YES;
				CLANG_WARN_CONSTANT_CONVERSION = YES;
				CLANG_WARN_DEPRECATED_OBJC_IMPLEMENTATIONS = YES;
				CLANG_WARN_DIRECT_OBJC_ISA_USAGE = YES_ERROR;
				CLANG_WARN_DOCUMENTATION_COMMENTS = YES;
				CLANG_WARN_EMPTY_BODY = YES;
				CLANG_WARN_ENUM_CONVERSION = YES;
				CLANG_WARN_INFINITE_RECURSION = YES;
				CLANG_WARN_INT_CONVERSION = YES;
				CLANG_WARN_NON_LITERAL_NULL_CONVERSION = YES;
				CLANG_WARN_OBJC_IMPLICIT_RETAIN_SELF = YES;
				CLANG_WARN_OBJC_LITERAL_CONVERSION = YES;
				CLANG_WARN_OBJC_ROOT_CLASS = YES_ERROR;
				CLANG_WARN_QUOTED_INCLUDE_IN_FRAMEWORK_HEADER = YES;
				CLANG_WARN_RANGE_LOOP_ANALYSIS = YES;
				CLANG_WARN_STRICT_PROTOTYPES = YES;
				CLANG_WARN_SUSPICIOUS_MOVE = YES;
				CLANG_WARN_UNGUARDED_AVAILABILITY = YES_AGGRESSIVE;
				CLANG_WARN_UNREACHABLE_CODE = YES;
				CLANG_WARN__DUPLICATE_METHOD_MATCH = YES;
				COPY_PHASE_STRIP = NO;
				DEBUG_INFORMATION_FORMAT = dwarf;
				ENABLE_STRICT_OBJC_MSGSEND = YES;
				ENABLE_TESTABILITY = YES;
				GCC_C_LANGUAGE_STANDARD = gnu11;
				GCC_DYNAMIC_NO_PIC = NO;
				GCC_NO_COMMON_BLOCKS = YES;
				GCC_OPTIMIZATION_LEVEL = 0;
				GCC_PREPROCESSOR_DEFINITIONS = (
					"DEBUG=1",
					"$(inherited)",
				);
				GCC_WARN_64_TO_32_BIT_CONVERSION = YES;
				GCC_WARN_ABOUT_RETURN_TYPE = YES_ERROR;
				GCC_WARN_UNDECLARED_SELECTOR = YES;
				GCC_WARN_UNINITIALIZED_AUTOS = YES_AGGRESSIVE;
				GCC_WARN_UNUSED_FUNCTION = YES;
				GCC_WARN_UNUSED_VARIABLE = YES;
				IPHONEOS_DEPLOYMENT_TARGET = 16.1;
				MTL_ENABLE_DEBUG_INFO = INCLUDE_SOURCE;
				MTL_FAST_MATH = YES;
				ONLY_ACTIVE_ARCH = YES;
				SDKROOT = iphoneos;
				SWIFT_ACTIVE_COMPILATION_CONDITIONS = DEBUG;
				SWIFT_OPTIMIZATION_LEVEL = "-Onone";
			};
			name = Debug;
		};
		B3A978A329290C2A001479D0 /* Release */ = {
			isa = XCBuildConfiguration;
			buildSettings = {
				ALWAYS_SEARCH_USER_PATHS = NO;
				CLANG_ANALYZER_NONNULL = YES;
				CLANG_ANALYZER_NUMBER_OBJECT_CONVERSION = YES_AGGRESSIVE;
				CLANG_CXX_LANGUAGE_STANDARD = "gnu++20";
				CLANG_ENABLE_MODULES = YES;
				CLANG_ENABLE_OBJC_ARC = YES;
				CLANG_ENABLE_OBJC_WEAK = YES;
				CLANG_WARN_BLOCK_CAPTURE_AUTORELEASING = YES;
				CLANG_WARN_BOOL_CONVERSION = YES;
				CLANG_WARN_COMMA = YES;
				CLANG_WARN_CONSTANT_CONVERSION = YES;
				CLANG_WARN_DEPRECATED_OBJC_IMPLEMENTATIONS = YES;
				CLANG_WARN_DIRECT_OBJC_ISA_USAGE = YES_ERROR;
				CLANG_WARN_DOCUMENTATION_COMMENTS = YES;
				CLANG_WARN_EMPTY_BODY = YES;
				CLANG_WARN_ENUM_CONVERSION = YES;
				CLANG_WARN_INFINITE_RECURSION = YES;
				CLANG_WARN_INT_CONVERSION = YES;
				CLANG_WARN_NON_LITERAL_NULL_CONVERSION = YES;
				CLANG_WARN_OBJC_IMPLICIT_RETAIN_SELF = YES;
				CLANG_WARN_OBJC_LITERAL_CONVERSION = YES;
				CLANG_WARN_OBJC_ROOT_CLASS = YES_ERROR;
				CLANG_WARN_QUOTED_INCLUDE_IN_FRAMEWORK_HEADER = YES;
				CLANG_WARN_RANGE_LOOP_ANALYSIS = YES;
				CLANG_WARN_STRICT_PROTOTYPES = YES;
				CLANG_WARN_SUSPICIOUS_MOVE = YES;
				CLANG_WARN_UNGUARDED_AVAILABILITY = YES_AGGRESSIVE;
				CLANG_WARN_UNREACHABLE_CODE = YES;
				CLANG_WARN__DUPLICATE_METHOD_MATCH = YES;
				COPY_PHASE_STRIP = NO;
				DEBUG_INFORMATION_FORMAT = "dwarf-with-dsym";
				ENABLE_NS_ASSERTIONS = NO;
				ENABLE_STRICT_OBJC_MSGSEND = YES;
				GCC_C_LANGUAGE_STANDARD = gnu11;
				GCC_NO_COMMON_BLOCKS = YES;
				GCC_WARN_64_TO_32_BIT_CONVERSION = YES;
				GCC_WARN_ABOUT_RETURN_TYPE = YES_ERROR;
				GCC_WARN_UNDECLARED_SELECTOR = YES;
				GCC_WARN_UNINITIALIZED_AUTOS = YES_AGGRESSIVE;
				GCC_WARN_UNUSED_FUNCTION = YES;
				GCC_WARN_UNUSED_VARIABLE = YES;
				IPHONEOS_DEPLOYMENT_TARGET = 16.1;
				MTL_ENABLE_DEBUG_INFO = NO;
				MTL_FAST_MATH = YES;
				SDKROOT = iphoneos;
				SWIFT_COMPILATION_MODE = wholemodule;
				SWIFT_OPTIMIZATION_LEVEL = "-O";
				VALIDATE_PRODUCT = YES;
			};
			name = Release;
		};
		B3A978A529290C2A001479D0 /* Debug */ = {
			isa = XCBuildConfiguration;
			baseConfigurationReference = CD5CD2D5AD320792717ABBCA /* Pods-foursquareClone.debug.xcconfig */;
			buildSettings = {
				ASSETCATALOG_COMPILER_APPICON_NAME = AppIcon;
				ASSETCATALOG_COMPILER_GLOBAL_ACCENT_COLOR_NAME = AccentColor;
				CODE_SIGN_STYLE = Automatic;
				CURRENT_PROJECT_VERSION = 1;
				DEVELOPMENT_TEAM = 59Z242YFKP;
				GENERATE_INFOPLIST_FILE = YES;
				INFOPLIST_FILE = foursquareClone/Info.plist;
				INFOPLIST_KEY_UIApplicationSupportsIndirectInputEvents = YES;
				INFOPLIST_KEY_UILaunchStoryboardName = LaunchScreen;
				INFOPLIST_KEY_UIMainStoryboardFile = Main;
				INFOPLIST_KEY_UISupportedInterfaceOrientations_iPad = "UIInterfaceOrientationPortrait UIInterfaceOrientationPortraitUpsideDown UIInterfaceOrientationLandscapeLeft UIInterfaceOrientationLandscapeRight";
				INFOPLIST_KEY_UISupportedInterfaceOrientations_iPhone = "UIInterfaceOrientationPortrait UIInterfaceOrientationLandscapeLeft UIInterfaceOrientationLandscapeRight";
				LD_RUNPATH_SEARCH_PATHS = (
					"$(inherited)",
					"@executable_path/Frameworks",
				);
				MARKETING_VERSION = 1.0;
				PRODUCT_BUNDLE_IDENTIFIER = mesutalver.foursquareClone;
				PRODUCT_NAME = "$(TARGET_NAME)";
				SWIFT_EMIT_LOC_STRINGS = YES;
				SWIFT_VERSION = 5.0;
				TARGETED_DEVICE_FAMILY = "1,2";
			};
			name = Debug;
		};
		B3A978A629290C2A001479D0 /* Release */ = {
			isa = XCBuildConfiguration;
			baseConfigurationReference = 2710ECF66766811C8DD9E9BB /* Pods-foursquareClone.release.xcconfig */;
			buildSettings = {
				ASSETCATALOG_COMPILER_APPICON_NAME = AppIcon;
				ASSETCATALOG_COMPILER_GLOBAL_ACCENT_COLOR_NAME = AccentColor;
				CODE_SIGN_STYLE = Automatic;
				CURRENT_PROJECT_VERSION = 1;
				DEVELOPMENT_TEAM = 59Z242YFKP;
				GENERATE_INFOPLIST_FILE = YES;
				INFOPLIST_FILE = foursquareClone/Info.plist;
				INFOPLIST_KEY_UIApplicationSupportsIndirectInputEvents = YES;
				INFOPLIST_KEY_UILaunchStoryboardName = LaunchScreen;
				INFOPLIST_KEY_UIMainStoryboardFile = Main;
				INFOPLIST_KEY_UISupportedInterfaceOrientations_iPad = "UIInterfaceOrientationPortrait UIInterfaceOrientationPortraitUpsideDown UIInterfaceOrientationLandscapeLeft UIInterfaceOrientationLandscapeRight";
				INFOPLIST_KEY_UISupportedInterfaceOrientations_iPhone = "UIInterfaceOrientationPortrait UIInterfaceOrientationLandscapeLeft UIInterfaceOrientationLandscapeRight";
				LD_RUNPATH_SEARCH_PATHS = (
					"$(inherited)",
					"@executable_path/Frameworks",
				);
				MARKETING_VERSION = 1.0;
				PRODUCT_BUNDLE_IDENTIFIER = mesutalver.foursquareClone;
				PRODUCT_NAME = "$(TARGET_NAME)";
				SWIFT_EMIT_LOC_STRINGS = YES;
				SWIFT_VERSION = 5.0;
				TARGETED_DEVICE_FAMILY = "1,2";
			};
			name = Release;
		};
/* End XCBuildConfiguration section */

/* Begin XCConfigurationList section */
		B3A9788B29290C29001479D0 /* Build configuration list for PBXProject "foursquareClone" */ = {
			isa = XCConfigurationList;
			buildConfigurations = (
				B3A978A229290C2A001479D0 /* Debug */,
				B3A978A329290C2A001479D0 /* Release */,
			);
			defaultConfigurationIsVisible = 0;
			defaultConfigurationName = Release;
		};
		B3A978A429290C2A001479D0 /* Build configuration list for PBXNativeTarget "foursquareClone" */ = {
			isa = XCConfigurationList;
			buildConfigurations = (
				B3A978A529290C2A001479D0 /* Debug */,
				B3A978A629290C2A001479D0 /* Release */,
			);
			defaultConfigurationIsVisible = 0;
			defaultConfigurationName = Release;
		};
/* End XCConfigurationList section */
	};
	rootObject = B3A9788829290C29001479D0 /* Project object */;
}
